{
  "name": "docs",
  "lockfileVersion": 2,
  "requires": true,
  "packages": {
    "": {
      "name": "docs",
      "dependencies": {
        "@hotwired/turbo-rails": "^7.3.0"
      },
      "devDependencies": {
        "husky": "^8.0.0",
        "prettier": "2.8.4"
      }
    },
    "node_modules/@hotwired/turbo": {
      "version": "7.3.0",
      "resolved": "https://registry.npmjs.org/@hotwired/turbo/-/turbo-7.3.0.tgz",
      "integrity": "sha512-Dcu+NaSvHLT7EjrDrkEmH4qET2ZJZ5IcCWmNXxNQTBwlnE5tBZfN6WxZ842n5cHV52DH/AKNirbPBtcEXDLW4g==",
      "engines": {
        "node": ">= 14"
      }
    },
    "node_modules/@hotwired/turbo-rails": {
      "version": "7.3.0",
      "resolved": "https://registry.npmjs.org/@hotwired/turbo-rails/-/turbo-rails-7.3.0.tgz",
      "integrity": "sha512-fvhO64vp/a2UVQ3jue9WTc2JisMv9XilIC7ViZmXAREVwiQ2S4UC7Go8f9A1j4Xu7DBI6SbFdqILk5ImqVoqyA==",
      "dependencies": {
        "@hotwired/turbo": "^7.3.0",
        "@rails/actioncable": "^7.0"
      }
    },
    "node_modules/@rails/actioncable": {
      "version": "7.0.4",
      "resolved": "https://registry.npmjs.org/@rails/actioncable/-/actioncable-7.0.4.tgz",
      "integrity": "sha512-tz4oM+Zn9CYsvtyicsa/AwzKZKL+ITHWkhiu7x+xF77clh2b4Rm+s6xnOgY/sGDWoFWZmtKsE95hxBPkgQQNnQ=="
    },
    "node_modules/husky": {
      "version": "8.0.1",
      "resolved": "https://registry.npmjs.org/husky/-/husky-8.0.1.tgz",
      "integrity": "sha512-xs7/chUH/CKdOCs7Zy0Aev9e/dKOMZf3K1Az1nar3tzlv0jfqnYtu235bstsWTmXOR0EfINrPa97yy4Lz6RiKw==",
      "dev": true,
      "bin": {
        "husky": "lib/bin.js"
      },
      "engines": {
        "node": ">=14"
      },
      "funding": {
        "url": "https://github.com/sponsors/typicode"
      }
    },
    "node_modules/prettier": {
      "version": "2.8.4",
      "resolved": "https://registry.npmjs.org/prettier/-/prettier-2.8.4.tgz",
      "integrity": "sha512-vIS4Rlc2FNh0BySk3Wkd6xmwxB0FpOndW5fisM5H8hsZSxU2VWVB5CWIkIjWvrHjIhxk2g3bfMKM87zNTrZddw==",
      "dev": true,
      "bin": {
        "prettier": "bin-prettier.js"
      },
      "engines": {
        "node": ">=10.13.0"
      },
      "funding": {
        "url": "https://github.com/prettier/prettier?sponsor=1"
      }
    }
  },
  "dependencies": {
    "@hotwired/turbo": {
      "version": "7.3.0",
      "resolved": "https://registry.npmjs.org/@hotwired/turbo/-/turbo-7.3.0.tgz",
      "integrity": "sha512-Dcu+NaSvHLT7EjrDrkEmH4qET2ZJZ5IcCWmNXxNQTBwlnE5tBZfN6WxZ842n5cHV52DH/AKNirbPBtcEXDLW4g=="
    },
    "@hotwired/turbo-rails": {
      "version": "7.3.0",
      "resolved": "https://registry.npmjs.org/@hotwired/turbo-rails/-/turbo-rails-7.3.0.tgz",
      "integrity": "sha512-fvhO64vp/a2UVQ3jue9WTc2JisMv9XilIC7ViZmXAREVwiQ2S4UC7Go8f9A1j4Xu7DBI6SbFdqILk5ImqVoqyA==",
      "requires": {
        "@hotwired/turbo": "^7.3.0",
        "@rails/actioncable": "^7.0"
      }
    },
    "@rails/actioncable": {
      "version": "7.0.4",
      "resolved": "https://registry.npmjs.org/@rails/actioncable/-/actioncable-7.0.4.tgz",
      "integrity": "sha512-tz4oM+Zn9CYsvtyicsa/AwzKZKL+ITHWkhiu7x+xF77clh2b4Rm+s6xnOgY/sGDWoFWZmtKsE95hxBPkgQQNnQ=="
    },
    "husky": {
      "version": "8.0.1",
      "resolved": "https://registry.npmjs.org/husky/-/husky-8.0.1.tgz",
      "integrity": "sha512-xs7/chUH/CKdOCs7Zy0Aev9e/dKOMZf3K1Az1nar3tzlv0jfqnYtu235bstsWTmXOR0EfINrPa97yy4Lz6RiKw==",
      "dev": true
    },
    "prettier": {
      "version": "2.8.4",
      "resolved": "https://registry.npmjs.org/prettier/-/prettier-2.8.4.tgz",
      "integrity": "sha512-vIS4Rlc2FNh0BySk3Wkd6xmwxB0FpOndW5fisM5H8hsZSxU2VWVB5CWIkIjWvrHjIhxk2g3bfMKM87zNTrZddw==",
      "dev": true
    }
  }
}
